
Microsoft Visual Studio Solution File, Format Version 12.00
Project("{FAE04EC0-301F-11D3-BF4B-00C04F79EFBC}") = "BoTech.XmlParser", "BoTech.XmlParser\BoTech.XmlParser.csproj", "{9496AC36-2A75-4BA8-A505-F6BCD4D4CCC5}"
EndProject
Global
	GlobalSection(SolutionConfigurationPlatforms) = preSolution
		Debug|Any CPU = Debug|Any CPU
		Release|Any CPU = Release|Any CPU
	EndGlobalSection
	GlobalSection(ProjectConfigurationPlatforms) = postSolution
		{9496AC36-2A75-4BA8-A505-F6BCD4D4CCC5}.Debug|Any CPU.ActiveCfg = Debug|Any CPU
		{9496AC36-2A75-4BA8-A505-F6BCD4D4CCC5}.Debug|Any CPU.Build.0 = Debug|Any CPU
		{9496AC36-2A75-4BA8-A505-F6BCD4D4CCC5}.Release|Any CPU.ActiveCfg = Release|Any CPU
		{9496AC36-2A75-4BA8-A505-F6BCD4D4CCC5}.Release|Any CPU.Build.0 = Release|Any CPU
	EndGlobalSection
EndGlobal
